
Microsoft Visual Studio Solution File, Format Version 12.00
# Visual Studio Version 16
VisualStudioVersion = 16.0.29806.167
MinimumVisualStudioVersion = 10.0.40219.1
Project("{9A19103F-16F7-4668-BE54-9A1E7A4F7556}") = "CalculatingSalesTax", "WebApplication3\CalculatingSalesTax.csproj", "{DAD039AC-205B-44ED-81CB-FEF02A69F165}"
EndProject
Project("{9A19103F-16F7-4668-BE54-9A1E7A4F7556}") = "CalculatingSalesTaxTestProject", "NUnitTestProject1\CalculatingSalesTaxTestProject.csproj", "{282CAA83-6DB9-4E3F-B361-D13648DB8446}"
EndProject
Global
	GlobalSection(SolutionConfigurationPlatforms) = preSolution
		Debug|Any CPU = Debug|Any CPU
		Release|Any CPU = Release|Any CPU
	EndGlobalSection
	GlobalSection(ProjectConfigurationPlatforms) = postSolution
		{DAD039AC-205B-44ED-81CB-FEF02A69F165}.Debug|Any CPU.ActiveCfg = Debug|Any CPU
		{DAD039AC-205B-44ED-81CB-FEF02A69F165}.Debug|Any CPU.Build.0 = Debug|Any CPU
		{DAD039AC-205B-44ED-81CB-FEF02A69F165}.Release|Any CPU.ActiveCfg = Release|Any CPU
		{DAD039AC-205B-44ED-81CB-FEF02A69F165}.Release|Any CPU.Build.0 = Release|Any CPU
		{282CAA83-6DB9-4E3F-B361-D13648DB8446}.Debug|Any CPU.ActiveCfg = Debug|Any CPU
		{282CAA83-6DB9-4E3F-B361-D13648DB8446}.Debug|Any CPU.Build.0 = Debug|Any CPU
		{282CAA83-6DB9-4E3F-B361-D13648DB8446}.Release|Any CPU.ActiveCfg = Release|Any CPU
		{282CAA83-6DB9-4E3F-B361-D13648DB8446}.Release|Any CPU.Build.0 = Release|Any CPU
	EndGlobalSection
	GlobalSection(SolutionProperties) = preSolution
		HideSolutionNode = FALSE
	EndGlobalSection
	GlobalSection(ExtensibilityGlobals) = postSolution
		SolutionGuid = {1861F91A-5A9E-4CCE-82E2-9E03DABD6EFF}
	EndGlobalSection
EndGlobal
